
Microsoft Visual Studio Solution File, Format Version 12.00
# Visual Studio Version 17
VisualStudioVersion = 17.0.31903.59
MinimumVisualStudioVersion = 10.0.40219.1
Project("{FAE04EC0-301F-11D3-BF4B-00C04F79EFBC}") = "InstructionSetProject", "InstructionSetProject\InstructionSetProject.csproj", "{326023AF-670E-4F58-A7E3-95BFC75746AE}"
EndProject
Global
	GlobalSection(SolutionConfigurationPlatforms) = preSolution
		Debug|Any CPU = Debug|Any CPU
		Release|Any CPU = Release|Any CPU
	EndGlobalSection
	GlobalSection(ProjectConfigurationPlatforms) = postSolution
		{326023AF-670E-4F58-A7E3-95BFC75746AE}.Debug|Any CPU.ActiveCfg = Debug|Any CPU
		{326023AF-670E-4F58-A7E3-95BFC75746AE}.Debug|Any CPU.Build.0 = Debug|Any CPU
		{326023AF-670E-4F58-A7E3-95BFC75746AE}.Release|Any CPU.ActiveCfg = Release|Any CPU
		{326023AF-670E-4F58-A7E3-95BFC75746AE}.Release|Any CPU.Build.0 = Release|Any CPU
	EndGlobalSection
	GlobalSection(SolutionProperties) = preSolution
		HideSolutionNode = FALSE
	EndGlobalSection
	GlobalSection(ExtensibilityGlobals) = postSolution
		SolutionGuid = {A38F082A-313E-441F-B3EF-E157E5D741EF}
	EndGlobalSection
EndGlobal
